
Microsoft Visual Studio Solution File, Format Version 12.00
# Visual Studio Version 16
VisualStudioVersion = 16.0.30413.136
MinimumVisualStudioVersion = 10.0.40219.1
Project("{FAE04EC0-301F-11D3-BF4B-00C04F79EFBC}") = "ApolloInterop", "ApolloInterop\ApolloInterop.csproj", "{5B5BD587-7DCA-4306-B1C3-83A70D755F37}"
EndProject
Project("{FAE04EC0-301F-11D3-BF4B-00C04F79EFBC}") = "HttpProfile", "HttpProfile\HttpProfile.csproj", "{74B393F3-4000-49AC-8116-DCCDB5F52344}"
EndProject
Project("{FAE04EC0-301F-11D3-BF4B-00C04F79EFBC}") = "PSKCryptography", "PSKCrypto\PSKCryptography.csproj", "{C8FC8D87-30DB-4FC5-880A-9CD7D156127A}"
EndProject
Project("{FAE04EC0-301F-11D3-BF4B-00C04F79EFBC}") = "PSKCryptographyTests", "PSKCryptoTests\PSKCryptographyTests.csproj", "{F7485DE0-F7A8-40B9-BCB3-F7846460320A}"
EndProject
Project("{FAE04EC0-301F-11D3-BF4B-00C04F79EFBC}") = "PlaintextCryptography", "PlaintextCrypto\PlaintextCryptography.csproj", "{ED320CE0-C28F-4B07-A353-9B14C261E8A3}"
EndProject
Project("{FAE04EC0-301F-11D3-BF4B-00C04F79EFBC}") = "PlaintextCryptographyTests", "PlaintextCryptoTests\PlaintextCryptographyTests.csproj", "{2ED132CD-102F-4536-A23D-4618E0EEBE5E}"
EndProject
Project("{FAE04EC0-301F-11D3-BF4B-00C04F79EFBC}") = "HttpProfileTests", "HttpProfileTests\HttpProfileTests.csproj", "{35AF1D5F-2621-4216-BE8B-43B00DDB8405}"
EndProject
Project("{FAE04EC0-301F-11D3-BF4B-00C04F79EFBC}") = "ApolloInteropTests", "ApolloInteropTests\ApolloInteropTests.csproj", "{1B60C807-DD64-47FA-8DA3-C0EC15FC2A43}"
EndProject
Project("{FAE04EC0-301F-11D3-BF4B-00C04F79EFBC}") = "Apollo1.0", "Apollo1.0\Apollo1.0.csproj", "{D14E4A53-B9B5-4563-8290-BA8487575255}"
EndProject
Project("{FAE04EC0-301F-11D3-BF4B-00C04F79EFBC}") = "Apollo", "Apollo\Apollo.csproj", "{F606A86C-39AF-4B5A-B146-F14EDC1D762C}"
EndProject
Global
	GlobalSection(SolutionConfigurationPlatforms) = preSolution
		Debug|Any CPU = Debug|Any CPU
		Debug|x64 = Debug|x64
		Debug|x86 = Debug|x86
		Release|Any CPU = Release|Any CPU
		Release|x64 = Release|x64
		Release|x86 = Release|x86
	EndGlobalSection
	GlobalSection(ProjectConfigurationPlatforms) = postSolution
		{5B5BD587-7DCA-4306-B1C3-83A70D755F37}.Debug|Any CPU.ActiveCfg = Debug|Any CPU
		{5B5BD587-7DCA-4306-B1C3-83A70D755F37}.Debug|Any CPU.Build.0 = Debug|Any CPU
		{5B5BD587-7DCA-4306-B1C3-83A70D755F37}.Debug|x64.ActiveCfg = Debug|Any CPU
		{5B5BD587-7DCA-4306-B1C3-83A70D755F37}.Debug|x64.Build.0 = Debug|Any CPU
		{5B5BD587-7DCA-4306-B1C3-83A70D755F37}.Debug|x86.ActiveCfg = Debug|Any CPU
		{5B5BD587-7DCA-4306-B1C3-83A70D755F37}.Debug|x86.Build.0 = Debug|Any CPU
		{5B5BD587-7DCA-4306-B1C3-83A70D755F37}.Release|Any CPU.ActiveCfg = Release|Any CPU
		{5B5BD587-7DCA-4306-B1C3-83A70D755F37}.Release|Any CPU.Build.0 = Release|Any CPU
		{5B5BD587-7DCA-4306-B1C3-83A70D755F37}.Release|x64.ActiveCfg = Release|Any CPU
		{5B5BD587-7DCA-4306-B1C3-83A70D755F37}.Release|x64.Build.0 = Release|Any CPU
		{5B5BD587-7DCA-4306-B1C3-83A70D755F37}.Release|x86.ActiveCfg = Release|Any CPU
		{5B5BD587-7DCA-4306-B1C3-83A70D755F37}.Release|x86.Build.0 = Release|Any CPU
		{74B393F3-4000-49AC-8116-DCCDB5F52344}.Debug|Any CPU.ActiveCfg = Debug|Any CPU
		{74B393F3-4000-49AC-8116-DCCDB5F52344}.Debug|Any CPU.Build.0 = Debug|Any CPU
		{74B393F3-4000-49AC-8116-DCCDB5F52344}.Debug|x64.ActiveCfg = Debug|Any CPU
		{74B393F3-4000-49AC-8116-DCCDB5F52344}.Debug|x64.Build.0 = Debug|Any CPU
		{74B393F3-4000-49AC-8116-DCCDB5F52344}.Debug|x86.ActiveCfg = Debug|Any CPU
		{74B393F3-4000-49AC-8116-DCCDB5F52344}.Debug|x86.Build.0 = Debug|Any CPU
		{74B393F3-4000-49AC-8116-DCCDB5F52344}.Release|Any CPU.ActiveCfg = Release|Any CPU
		{74B393F3-4000-49AC-8116-DCCDB5F52344}.Release|Any CPU.Build.0 = Release|Any CPU
		{74B393F3-4000-49AC-8116-DCCDB5F52344}.Release|x64.ActiveCfg = Release|Any CPU
		{74B393F3-4000-49AC-8116-DCCDB5F52344}.Release|x64.Build.0 = Release|Any CPU
		{74B393F3-4000-49AC-8116-DCCDB5F52344}.Release|x86.ActiveCfg = Release|Any CPU
		{74B393F3-4000-49AC-8116-DCCDB5F52344}.Release|x86.Build.0 = Release|Any CPU
		{C8FC8D87-30DB-4FC5-880A-9CD7D156127A}.Debug|Any CPU.ActiveCfg = Debug|Any CPU
		{C8FC8D87-30DB-4FC5-880A-9CD7D156127A}.Debug|Any CPU.Build.0 = Debug|Any CPU
		{C8FC8D87-30DB-4FC5-880A-9CD7D156127A}.Debug|x64.ActiveCfg = Debug|Any CPU
		{C8FC8D87-30DB-4FC5-880A-9CD7D156127A}.Debug|x64.Build.0 = Debug|Any CPU
		{C8FC8D87-30DB-4FC5-880A-9CD7D156127A}.Debug|x86.ActiveCfg = Debug|Any CPU
		{C8FC8D87-30DB-4FC5-880A-9CD7D156127A}.Debug|x86.Build.0 = Debug|Any CPU
		{C8FC8D87-30DB-4FC5-880A-9CD7D156127A}.Release|Any CPU.ActiveCfg = Release|Any CPU
		{C8FC8D87-30DB-4FC5-880A-9CD7D156127A}.Release|Any CPU.Build.0 = Release|Any CPU
		{C8FC8D87-30DB-4FC5-880A-9CD7D156127A}.Release|x64.ActiveCfg = Release|Any CPU
		{C8FC8D87-30DB-4FC5-880A-9CD7D156127A}.Release|x64.Build.0 = Release|Any CPU
		{C8FC8D87-30DB-4FC5-880A-9CD7D156127A}.Release|x86.ActiveCfg = Release|Any CPU
		{C8FC8D87-30DB-4FC5-880A-9CD7D156127A}.Release|x86.Build.0 = Release|Any CPU
		{F7485DE0-F7A8-40B9-BCB3-F7846460320A}.Debug|Any CPU.ActiveCfg = Debug|Any CPU
		{F7485DE0-F7A8-40B9-BCB3-F7846460320A}.Debug|Any CPU.Build.0 = Debug|Any CPU
		{F7485DE0-F7A8-40B9-BCB3-F7846460320A}.Debug|x64.ActiveCfg = Debug|Any CPU
		{F7485DE0-F7A8-40B9-BCB3-F7846460320A}.Debug|x64.Build.0 = Debug|Any CPU
		{F7485DE0-F7A8-40B9-BCB3-F7846460320A}.Debug|x86.ActiveCfg = Debug|Any CPU
		{F7485DE0-F7A8-40B9-BCB3-F7846460320A}.Debug|x86.Build.0 = Debug|Any CPU
		{F7485DE0-F7A8-40B9-BCB3-F7846460320A}.Release|Any CPU.ActiveCfg = Release|Any CPU
		{F7485DE0-F7A8-40B9-BCB3-F7846460320A}.Release|Any CPU.Build.0 = Release|Any CPU
		{F7485DE0-F7A8-40B9-BCB3-F7846460320A}.Release|x64.ActiveCfg = Release|Any CPU
		{F7485DE0-F7A8-40B9-BCB3-F7846460320A}.Release|x64.Build.0 = Release|Any CPU
		{F7485DE0-F7A8-40B9-BCB3-F7846460320A}.Release|x86.ActiveCfg = Release|Any CPU
		{F7485DE0-F7A8-40B9-BCB3-F7846460320A}.Release|x86.Build.0 = Release|Any CPU
		{ED320CE0-C28F-4B07-A353-9B14C261E8A3}.Debug|Any CPU.ActiveCfg = Debug|Any CPU
		{ED320CE0-C28F-4B07-A353-9B14C261E8A3}.Debug|Any CPU.Build.0 = Debug|Any CPU
		{ED320CE0-C28F-4B07-A353-9B14C261E8A3}.Debug|x64.ActiveCfg = Debug|Any CPU
		{ED320CE0-C28F-4B07-A353-9B14C261E8A3}.Debug|x64.Build.0 = Debug|Any CPU
		{ED320CE0-C28F-4B07-A353-9B14C261E8A3}.Debug|x86.ActiveCfg = Debug|Any CPU
		{ED320CE0-C28F-4B07-A353-9B14C261E8A3}.Debug|x86.Build.0 = Debug|Any CPU
		{ED320CE0-C28F-4B07-A353-9B14C261E8A3}.Release|Any CPU.ActiveCfg = Release|Any CPU
		{ED320CE0-C28F-4B07-A353-9B14C261E8A3}.Release|Any CPU.Build.0 = Release|Any CPU
		{ED320CE0-C28F-4B07-A353-9B14C261E8A3}.Release|x64.ActiveCfg = Release|Any CPU
		{ED320CE0-C28F-4B07-A353-9B14C261E8A3}.Release|x64.Build.0 = Release|Any CPU
		{ED320CE0-C28F-4B07-A353-9B14C261E8A3}.Release|x86.ActiveCfg = Release|Any CPU
		{ED320CE0-C28F-4B07-A353-9B14C261E8A3}.Release|x86.Build.0 = Release|Any CPU
		{2ED132CD-102F-4536-A23D-4618E0EEBE5E}.Debug|Any CPU.ActiveCfg = Debug|Any CPU
		{2ED132CD-102F-4536-A23D-4618E0EEBE5E}.Debug|Any CPU.Build.0 = Debug|Any CPU
		{2ED132CD-102F-4536-A23D-4618E0EEBE5E}.Debug|x64.ActiveCfg = Debug|Any CPU
		{2ED132CD-102F-4536-A23D-4618E0EEBE5E}.Debug|x64.Build.0 = Debug|Any CPU
		{2ED132CD-102F-4536-A23D-4618E0EEBE5E}.Debug|x86.ActiveCfg = Debug|Any CPU
		{2ED132CD-102F-4536-A23D-4618E0EEBE5E}.Debug|x86.Build.0 = Debug|Any CPU
		{2ED132CD-102F-4536-A23D-4618E0EEBE5E}.Release|Any CPU.ActiveCfg = Release|Any CPU
		{2ED132CD-102F-4536-A23D-4618E0EEBE5E}.Release|Any CPU.Build.0 = Release|Any CPU
		{2ED132CD-102F-4536-A23D-4618E0EEBE5E}.Release|x64.ActiveCfg = Release|Any CPU
		{2ED132CD-102F-4536-A23D-4618E0EEBE5E}.Release|x64.Build.0 = Release|Any CPU
		{2ED132CD-102F-4536-A23D-4618E0EEBE5E}.Release|x86.ActiveCfg = Release|Any CPU
		{2ED132CD-102F-4536-A23D-4618E0EEBE5E}.Release|x86.Build.0 = Release|Any CPU
		{35AF1D5F-2621-4216-BE8B-43B00DDB8405}.Debug|Any CPU.ActiveCfg = Debug|Any CPU
		{35AF1D5F-2621-4216-BE8B-43B00DDB8405}.Debug|Any CPU.Build.0 = Debug|Any CPU
		{35AF1D5F-2621-4216-BE8B-43B00DDB8405}.Debug|x64.ActiveCfg = Debug|Any CPU
		{35AF1D5F-2621-4216-BE8B-43B00DDB8405}.Debug|x64.Build.0 = Debug|Any CPU
		{35AF1D5F-2621-4216-BE8B-43B00DDB8405}.Debug|x86.ActiveCfg = Debug|Any CPU
		{35AF1D5F-2621-4216-BE8B-43B00DDB8405}.Debug|x86.Build.0 = Debug|Any CPU
		{35AF1D5F-2621-4216-BE8B-43B00DDB8405}.Release|Any CPU.ActiveCfg = Release|Any CPU
		{35AF1D5F-2621-4216-BE8B-43B00DDB8405}.Release|Any CPU.Build.0 = Release|Any CPU
		{35AF1D5F-2621-4216-BE8B-43B00DDB8405}.Release|x64.ActiveCfg = Release|Any CPU
		{35AF1D5F-2621-4216-BE8B-43B00DDB8405}.Release|x64.Build.0 = Release|Any CPU
		{35AF1D5F-2621-4216-BE8B-43B00DDB8405}.Release|x86.ActiveCfg = Release|Any CPU
		{35AF1D5F-2621-4216-BE8B-43B00DDB8405}.Release|x86.Build.0 = Release|Any CPU
		{1B60C807-DD64-47FA-8DA3-C0EC15FC2A43}.Debug|Any CPU.ActiveCfg = Debug|Any CPU
		{1B60C807-DD64-47FA-8DA3-C0EC15FC2A43}.Debug|Any CPU.Build.0 = Debug|Any CPU
		{1B60C807-DD64-47FA-8DA3-C0EC15FC2A43}.Debug|x64.ActiveCfg = Debug|Any CPU
		{1B60C807-DD64-47FA-8DA3-C0EC15FC2A43}.Debug|x64.Build.0 = Debug|Any CPU
		{1B60C807-DD64-47FA-8DA3-C0EC15FC2A43}.Debug|x86.ActiveCfg = Debug|Any CPU
		{1B60C807-DD64-47FA-8DA3-C0EC15FC2A43}.Debug|x86.Build.0 = Debug|Any CPU
		{1B60C807-DD64-47FA-8DA3-C0EC15FC2A43}.Release|Any CPU.ActiveCfg = Release|Any CPU
		{1B60C807-DD64-47FA-8DA3-C0EC15FC2A43}.Release|Any CPU.Build.0 = Release|Any CPU
		{1B60C807-DD64-47FA-8DA3-C0EC15FC2A43}.Release|x64.ActiveCfg = Release|Any CPU
		{1B60C807-DD64-47FA-8DA3-C0EC15FC2A43}.Release|x64.Build.0 = Release|Any CPU
		{1B60C807-DD64-47FA-8DA3-C0EC15FC2A43}.Release|x86.ActiveCfg = Release|Any CPU
		{1B60C807-DD64-47FA-8DA3-C0EC15FC2A43}.Release|x86.Build.0 = Release|Any CPU
		{D14E4A53-B9B5-4563-8290-BA8487575255}.Debug|Any CPU.ActiveCfg = Debug|Any CPU
		{D14E4A53-B9B5-4563-8290-BA8487575255}.Debug|Any CPU.Build.0 = Debug|Any CPU
		{D14E4A53-B9B5-4563-8290-BA8487575255}.Debug|x64.ActiveCfg = Debug|x64
		{D14E4A53-B9B5-4563-8290-BA8487575255}.Debug|x64.Build.0 = Debug|x64
		{D14E4A53-B9B5-4563-8290-BA8487575255}.Debug|x86.ActiveCfg = Debug|Any CPU
		{D14E4A53-B9B5-4563-8290-BA8487575255}.Debug|x86.Build.0 = Debug|Any CPU
		{D14E4A53-B9B5-4563-8290-BA8487575255}.Release|Any CPU.ActiveCfg = Release|Any CPU
		{D14E4A53-B9B5-4563-8290-BA8487575255}.Release|Any CPU.Build.0 = Release|Any CPU
		{D14E4A53-B9B5-4563-8290-BA8487575255}.Release|x64.ActiveCfg = Release|x64
		{D14E4A53-B9B5-4563-8290-BA8487575255}.Release|x64.Build.0 = Release|x64
		{D14E4A53-B9B5-4563-8290-BA8487575255}.Release|x86.ActiveCfg = Release|Any CPU
		{D14E4A53-B9B5-4563-8290-BA8487575255}.Release|x86.Build.0 = Release|Any CPU
		{F606A86C-39AF-4B5A-B146-F14EDC1D762C}.Debug|Any CPU.ActiveCfg = Debug|Any CPU
		{F606A86C-39AF-4B5A-B146-F14EDC1D762C}.Debug|Any CPU.Build.0 = Debug|Any CPU
		{F606A86C-39AF-4B5A-B146-F14EDC1D762C}.Debug|x64.ActiveCfg = Debug|Any CPU
		{F606A86C-39AF-4B5A-B146-F14EDC1D762C}.Debug|x64.Build.0 = Debug|Any CPU
		{F606A86C-39AF-4B5A-B146-F14EDC1D762C}.Debug|x86.ActiveCfg = Debug|Any CPU
		{F606A86C-39AF-4B5A-B146-F14EDC1D762C}.Debug|x86.Build.0 = Debug|Any CPU
		{F606A86C-39AF-4B5A-B146-F14EDC1D762C}.Release|Any CPU.ActiveCfg = Release|Any CPU
		{F606A86C-39AF-4B5A-B146-F14EDC1D762C}.Release|Any CPU.Build.0 = Release|Any CPU
		{F606A86C-39AF-4B5A-B146-F14EDC1D762C}.Release|x64.ActiveCfg = Release|Any CPU
		{F606A86C-39AF-4B5A-B146-F14EDC1D762C}.Release|x64.Build.0 = Release|Any CPU
		{F606A86C-39AF-4B5A-B146-F14EDC1D762C}.Release|x86.ActiveCfg = Release|Any CPU
		{F606A86C-39AF-4B5A-B146-F14EDC1D762C}.Release|x86.Build.0 = Release|Any CPU
	EndGlobalSection
	GlobalSection(SolutionProperties) = preSolution
		HideSolutionNode = FALSE
	EndGlobalSection
	GlobalSection(ExtensibilityGlobals) = postSolution
		SolutionGuid = {A35FB84A-D206-4916-ACEE-A747AE767E76}
	EndGlobalSection
EndGlobal
