
Microsoft Visual Studio Solution File, Format Version 12.00
# Visual Studio Version 16
VisualStudioVersion = 16.0.30413.136
MinimumVisualStudioVersion = 10.0.40219.1
Project("{FAE04EC0-301F-11D3-BF4B-00C04F79EFBC}") = "ApolloInterop", "ApolloInterop\ApolloInterop.csproj", "{5B5BD587-7DCA-4306-B1C3-83A70D755F37}"
EndProject
Project("{FAE04EC0-301F-11D3-BF4B-00C04F79EFBC}") = "HttpProfile", "HttpProfile\HttpProfile.csproj", "{74B393F3-4000-49AC-8116-DCCDB5F52344}"
EndProject
Project("{FAE04EC0-301F-11D3-BF4B-00C04F79EFBC}") = "PSKCryptography", "PSKCrypto\PSKCryptography.csproj", "{C8FC8D87-30DB-4FC5-880A-9CD7D156127A}"
EndProject
Project("{FAE04EC0-301F-11D3-BF4B-00C04F79EFBC}") = "PlaintextCryptography", "PlaintextCrypto\PlaintextCryptography.csproj", "{ED320CE0-C28F-4B07-A353-9B14C261E8A3}"
EndProject
Project("{FAE04EC0-301F-11D3-BF4B-00C04F79EFBC}") = "Apollo", "Apollo\Apollo.csproj", "{F606A86C-39AF-4B5A-B146-F14EDC1D762C}"
EndProject
Project("{FAE04EC0-301F-11D3-BF4B-00C04F79EFBC}") = "NamedPipeProfile", "NamedPipeProfile\NamedPipeProfile.csproj", "{3AF39094-7F42-4444-A278-FA656EB4678F}"
EndProject
Project("{FAE04EC0-301F-11D3-BF4B-00C04F79EFBC}") = "Tasks", "Tasks\Tasks.csproj", "{B9BDA393-C258-44D3-8266-D62265008BD4}"
EndProject
Project("{FAE04EC0-301F-11D3-BF4B-00C04F79EFBC}") = "TcpProfile", "TcpProfile\TcpProfile.csproj", "{ADD40B1E-3C2E-4046-B574-FA0ED70FC64D}"
EndProject
Project("{FAE04EC0-301F-11D3-BF4B-00C04F79EFBC}") = "Injection", "Injection\Injection.csproj", "{E4724425-FC2D-40AE-9506-553D5D9DD929}"
EndProject
Project("{FAE04EC0-301F-11D3-BF4B-00C04F79EFBC}") = "Process", "Process\Process.csproj", "{6008A59E-80A4-4790-8FE3-01DE201D71B3}"
EndProject
Project("{FAE04EC0-301F-11D3-BF4B-00C04F79EFBC}") = "ExecuteAssembly", "ExecuteAssembly\ExecuteAssembly.csproj", "{8806CD1D-AA64-4E9F-91C7-B579765549B0}"
EndProject
Project("{FAE04EC0-301F-11D3-BF4B-00C04F79EFBC}") = "EncryptedFileStore", "EncryptedFileStore\EncryptedFileStore.csproj", "{21B9B3FA-ACBF-4ED2-A0BB-2782E708F6F9}"
EndProject
Project("{FAE04EC0-301F-11D3-BF4B-00C04F79EFBC}") = "PowerShellHost", "PowerShellHost\PowerShellHost.csproj", "{1D897A8A-1394-4561-B31C-D8312462500C}"
EndProject
Project("{FAE04EC0-301F-11D3-BF4B-00C04F79EFBC}") = "ScreenshotInject", "ScreenshotInject\ScreenshotInject.csproj", "{E05B7224-D965-422C-9B12-E6DEE1BFAC64}"
EndProject
Project("{FAE04EC0-301F-11D3-BF4B-00C04F79EFBC}") = "KeylogInject", "KeylogInject\KeylogInject.csproj", "{6EACC51E-1E46-4C6F-9516-B71F09AD00D1}"
EndProject
Project("{FAE04EC0-301F-11D3-BF4B-00C04F79EFBC}") = "ExecutePE", "ExecutePE\ExecutePE.csproj", "{44D50BF5-4C12-4328-B983-0045C157D932}"
EndProject
Project("{FAE04EC0-301F-11D3-BF4B-00C04F79EFBC}") = "DInvokeResolver", "DInvokeResolver\DInvokeResolver.csproj", "{2C98A07C-F4CD-486C-BBAB-EB6B6CDE1A35}"
EndProject
Project("{FAE04EC0-301F-11D3-BF4B-00C04F79EFBC}") = "SimpleResolver", "SimpleResolver\SimpleResolver.csproj", "{6CA1FF03-8102-41D5-9D57-CC2DA346D684}"
EndProject
Global
	GlobalSection(SolutionConfigurationPlatforms) = preSolution
		Debug|Any CPU = Debug|Any CPU
		Debug|x64 = Debug|x64
		Debug|x86 = Debug|x86
		Release|Any CPU = Release|Any CPU
		Release|x64 = Release|x64
		Release|x86 = Release|x86
	EndGlobalSection
	GlobalSection(ProjectConfigurationPlatforms) = postSolution
		{5B5BD587-7DCA-4306-B1C3-83A70D755F37}.Debug|Any CPU.ActiveCfg = Debug|Any CPU
		{5B5BD587-7DCA-4306-B1C3-83A70D755F37}.Debug|Any CPU.Build.0 = Debug|Any CPU
		{5B5BD587-7DCA-4306-B1C3-83A70D755F37}.Debug|x64.ActiveCfg = Debug|Any CPU
		{5B5BD587-7DCA-4306-B1C3-83A70D755F37}.Debug|x64.Build.0 = Debug|Any CPU
		{5B5BD587-7DCA-4306-B1C3-83A70D755F37}.Debug|x86.ActiveCfg = Debug|Any CPU
		{5B5BD587-7DCA-4306-B1C3-83A70D755F37}.Debug|x86.Build.0 = Debug|Any CPU
		{5B5BD587-7DCA-4306-B1C3-83A70D755F37}.Release|Any CPU.ActiveCfg = Release|Any CPU
		{5B5BD587-7DCA-4306-B1C3-83A70D755F37}.Release|Any CPU.Build.0 = Release|Any CPU
		{5B5BD587-7DCA-4306-B1C3-83A70D755F37}.Release|x64.ActiveCfg = Release|Any CPU
		{5B5BD587-7DCA-4306-B1C3-83A70D755F37}.Release|x64.Build.0 = Release|Any CPU
		{5B5BD587-7DCA-4306-B1C3-83A70D755F37}.Release|x86.ActiveCfg = Release|Any CPU
		{5B5BD587-7DCA-4306-B1C3-83A70D755F37}.Release|x86.Build.0 = Release|Any CPU
		{74B393F3-4000-49AC-8116-DCCDB5F52344}.Debug|Any CPU.ActiveCfg = Debug|Any CPU
		{74B393F3-4000-49AC-8116-DCCDB5F52344}.Debug|Any CPU.Build.0 = Debug|Any CPU
		{74B393F3-4000-49AC-8116-DCCDB5F52344}.Debug|x64.ActiveCfg = Debug|Any CPU
		{74B393F3-4000-49AC-8116-DCCDB5F52344}.Debug|x64.Build.0 = Debug|Any CPU
		{74B393F3-4000-49AC-8116-DCCDB5F52344}.Debug|x86.ActiveCfg = Debug|Any CPU
		{74B393F3-4000-49AC-8116-DCCDB5F52344}.Debug|x86.Build.0 = Debug|Any CPU
		{74B393F3-4000-49AC-8116-DCCDB5F52344}.Release|Any CPU.ActiveCfg = Release|Any CPU
		{74B393F3-4000-49AC-8116-DCCDB5F52344}.Release|Any CPU.Build.0 = Release|Any CPU
		{74B393F3-4000-49AC-8116-DCCDB5F52344}.Release|x64.ActiveCfg = Release|Any CPU
		{74B393F3-4000-49AC-8116-DCCDB5F52344}.Release|x64.Build.0 = Release|Any CPU
		{74B393F3-4000-49AC-8116-DCCDB5F52344}.Release|x86.ActiveCfg = Release|Any CPU
		{74B393F3-4000-49AC-8116-DCCDB5F52344}.Release|x86.Build.0 = Release|Any CPU
		{C8FC8D87-30DB-4FC5-880A-9CD7D156127A}.Debug|Any CPU.ActiveCfg = Debug|Any CPU
		{C8FC8D87-30DB-4FC5-880A-9CD7D156127A}.Debug|Any CPU.Build.0 = Debug|Any CPU
		{C8FC8D87-30DB-4FC5-880A-9CD7D156127A}.Debug|x64.ActiveCfg = Debug|Any CPU
		{C8FC8D87-30DB-4FC5-880A-9CD7D156127A}.Debug|x64.Build.0 = Debug|Any CPU
		{C8FC8D87-30DB-4FC5-880A-9CD7D156127A}.Debug|x86.ActiveCfg = Debug|Any CPU
		{C8FC8D87-30DB-4FC5-880A-9CD7D156127A}.Debug|x86.Build.0 = Debug|Any CPU
		{C8FC8D87-30DB-4FC5-880A-9CD7D156127A}.Release|Any CPU.ActiveCfg = Release|Any CPU
		{C8FC8D87-30DB-4FC5-880A-9CD7D156127A}.Release|Any CPU.Build.0 = Release|Any CPU
		{C8FC8D87-30DB-4FC5-880A-9CD7D156127A}.Release|x64.ActiveCfg = Release|Any CPU
		{C8FC8D87-30DB-4FC5-880A-9CD7D156127A}.Release|x64.Build.0 = Release|Any CPU
		{C8FC8D87-30DB-4FC5-880A-9CD7D156127A}.Release|x86.ActiveCfg = Release|Any CPU
		{C8FC8D87-30DB-4FC5-880A-9CD7D156127A}.Release|x86.Build.0 = Release|Any CPU
		{ED320CE0-C28F-4B07-A353-9B14C261E8A3}.Debug|Any CPU.ActiveCfg = Debug|Any CPU
		{ED320CE0-C28F-4B07-A353-9B14C261E8A3}.Debug|Any CPU.Build.0 = Debug|Any CPU
		{ED320CE0-C28F-4B07-A353-9B14C261E8A3}.Debug|x64.ActiveCfg = Debug|Any CPU
		{ED320CE0-C28F-4B07-A353-9B14C261E8A3}.Debug|x64.Build.0 = Debug|Any CPU
		{ED320CE0-C28F-4B07-A353-9B14C261E8A3}.Debug|x86.ActiveCfg = Debug|Any CPU
		{ED320CE0-C28F-4B07-A353-9B14C261E8A3}.Debug|x86.Build.0 = Debug|Any CPU
		{ED320CE0-C28F-4B07-A353-9B14C261E8A3}.Release|Any CPU.ActiveCfg = Release|Any CPU
		{ED320CE0-C28F-4B07-A353-9B14C261E8A3}.Release|Any CPU.Build.0 = Release|Any CPU
		{ED320CE0-C28F-4B07-A353-9B14C261E8A3}.Release|x64.ActiveCfg = Release|Any CPU
		{ED320CE0-C28F-4B07-A353-9B14C261E8A3}.Release|x64.Build.0 = Release|Any CPU
		{ED320CE0-C28F-4B07-A353-9B14C261E8A3}.Release|x86.ActiveCfg = Release|Any CPU
		{ED320CE0-C28F-4B07-A353-9B14C261E8A3}.Release|x86.Build.0 = Release|Any CPU
		{F606A86C-39AF-4B5A-B146-F14EDC1D762C}.Debug|Any CPU.ActiveCfg = Debug|Any CPU
		{F606A86C-39AF-4B5A-B146-F14EDC1D762C}.Debug|Any CPU.Build.0 = Debug|Any CPU
		{F606A86C-39AF-4B5A-B146-F14EDC1D762C}.Debug|x64.ActiveCfg = Debug|Any CPU
		{F606A86C-39AF-4B5A-B146-F14EDC1D762C}.Debug|x64.Build.0 = Debug|Any CPU
		{F606A86C-39AF-4B5A-B146-F14EDC1D762C}.Debug|x86.ActiveCfg = Debug|Any CPU
		{F606A86C-39AF-4B5A-B146-F14EDC1D762C}.Debug|x86.Build.0 = Debug|Any CPU
		{F606A86C-39AF-4B5A-B146-F14EDC1D762C}.Release|Any CPU.ActiveCfg = Release|Any CPU
		{F606A86C-39AF-4B5A-B146-F14EDC1D762C}.Release|Any CPU.Build.0 = Release|Any CPU
		{F606A86C-39AF-4B5A-B146-F14EDC1D762C}.Release|x64.ActiveCfg = Release|Any CPU
		{F606A86C-39AF-4B5A-B146-F14EDC1D762C}.Release|x64.Build.0 = Release|Any CPU
		{F606A86C-39AF-4B5A-B146-F14EDC1D762C}.Release|x86.ActiveCfg = Release|Any CPU
		{F606A86C-39AF-4B5A-B146-F14EDC1D762C}.Release|x86.Build.0 = Release|Any CPU
		{3AF39094-7F42-4444-A278-FA656EB4678F}.Debug|Any CPU.ActiveCfg = Debug|Any CPU
		{3AF39094-7F42-4444-A278-FA656EB4678F}.Debug|Any CPU.Build.0 = Debug|Any CPU
		{3AF39094-7F42-4444-A278-FA656EB4678F}.Debug|x64.ActiveCfg = Debug|Any CPU
		{3AF39094-7F42-4444-A278-FA656EB4678F}.Debug|x64.Build.0 = Debug|Any CPU
		{3AF39094-7F42-4444-A278-FA656EB4678F}.Debug|x86.ActiveCfg = Debug|Any CPU
		{3AF39094-7F42-4444-A278-FA656EB4678F}.Debug|x86.Build.0 = Debug|Any CPU
		{3AF39094-7F42-4444-A278-FA656EB4678F}.Release|Any CPU.ActiveCfg = Release|Any CPU
		{3AF39094-7F42-4444-A278-FA656EB4678F}.Release|Any CPU.Build.0 = Release|Any CPU
		{3AF39094-7F42-4444-A278-FA656EB4678F}.Release|x64.ActiveCfg = Release|Any CPU
		{3AF39094-7F42-4444-A278-FA656EB4678F}.Release|x64.Build.0 = Release|Any CPU
		{3AF39094-7F42-4444-A278-FA656EB4678F}.Release|x86.ActiveCfg = Release|Any CPU
		{3AF39094-7F42-4444-A278-FA656EB4678F}.Release|x86.Build.0 = Release|Any CPU
		{B9BDA393-C258-44D3-8266-D62265008BD4}.Debug|Any CPU.ActiveCfg = Debug|Any CPU
		{B9BDA393-C258-44D3-8266-D62265008BD4}.Debug|Any CPU.Build.0 = Debug|Any CPU
		{B9BDA393-C258-44D3-8266-D62265008BD4}.Debug|x64.ActiveCfg = Debug|Any CPU
		{B9BDA393-C258-44D3-8266-D62265008BD4}.Debug|x64.Build.0 = Debug|Any CPU
		{B9BDA393-C258-44D3-8266-D62265008BD4}.Debug|x86.ActiveCfg = Debug|Any CPU
		{B9BDA393-C258-44D3-8266-D62265008BD4}.Debug|x86.Build.0 = Debug|Any CPU
		{B9BDA393-C258-44D3-8266-D62265008BD4}.Release|Any CPU.ActiveCfg = Release|Any CPU
		{B9BDA393-C258-44D3-8266-D62265008BD4}.Release|Any CPU.Build.0 = Release|Any CPU
		{B9BDA393-C258-44D3-8266-D62265008BD4}.Release|x64.ActiveCfg = Release|Any CPU
		{B9BDA393-C258-44D3-8266-D62265008BD4}.Release|x64.Build.0 = Release|Any CPU
		{B9BDA393-C258-44D3-8266-D62265008BD4}.Release|x86.ActiveCfg = Release|Any CPU
		{B9BDA393-C258-44D3-8266-D62265008BD4}.Release|x86.Build.0 = Release|Any CPU
		{ADD40B1E-3C2E-4046-B574-FA0ED70FC64D}.Debug|Any CPU.ActiveCfg = Debug|Any CPU
		{ADD40B1E-3C2E-4046-B574-FA0ED70FC64D}.Debug|Any CPU.Build.0 = Debug|Any CPU
		{ADD40B1E-3C2E-4046-B574-FA0ED70FC64D}.Debug|x64.ActiveCfg = Debug|Any CPU
		{ADD40B1E-3C2E-4046-B574-FA0ED70FC64D}.Debug|x64.Build.0 = Debug|Any CPU
		{ADD40B1E-3C2E-4046-B574-FA0ED70FC64D}.Debug|x86.ActiveCfg = Debug|Any CPU
		{ADD40B1E-3C2E-4046-B574-FA0ED70FC64D}.Debug|x86.Build.0 = Debug|Any CPU
		{ADD40B1E-3C2E-4046-B574-FA0ED70FC64D}.Release|Any CPU.ActiveCfg = Release|Any CPU
		{ADD40B1E-3C2E-4046-B574-FA0ED70FC64D}.Release|Any CPU.Build.0 = Release|Any CPU
		{ADD40B1E-3C2E-4046-B574-FA0ED70FC64D}.Release|x64.ActiveCfg = Release|Any CPU
		{ADD40B1E-3C2E-4046-B574-FA0ED70FC64D}.Release|x64.Build.0 = Release|Any CPU
		{ADD40B1E-3C2E-4046-B574-FA0ED70FC64D}.Release|x86.ActiveCfg = Release|Any CPU
		{ADD40B1E-3C2E-4046-B574-FA0ED70FC64D}.Release|x86.Build.0 = Release|Any CPU
		{E4724425-FC2D-40AE-9506-553D5D9DD929}.Debug|Any CPU.ActiveCfg = Debug|Any CPU
		{E4724425-FC2D-40AE-9506-553D5D9DD929}.Debug|Any CPU.Build.0 = Debug|Any CPU
		{E4724425-FC2D-40AE-9506-553D5D9DD929}.Debug|x64.ActiveCfg = Debug|Any CPU
		{E4724425-FC2D-40AE-9506-553D5D9DD929}.Debug|x64.Build.0 = Debug|Any CPU
		{E4724425-FC2D-40AE-9506-553D5D9DD929}.Debug|x86.ActiveCfg = Debug|Any CPU
		{E4724425-FC2D-40AE-9506-553D5D9DD929}.Debug|x86.Build.0 = Debug|Any CPU
		{E4724425-FC2D-40AE-9506-553D5D9DD929}.Release|Any CPU.ActiveCfg = Release|Any CPU
		{E4724425-FC2D-40AE-9506-553D5D9DD929}.Release|Any CPU.Build.0 = Release|Any CPU
		{E4724425-FC2D-40AE-9506-553D5D9DD929}.Release|x64.ActiveCfg = Release|Any CPU
		{E4724425-FC2D-40AE-9506-553D5D9DD929}.Release|x64.Build.0 = Release|Any CPU
		{E4724425-FC2D-40AE-9506-553D5D9DD929}.Release|x86.ActiveCfg = Release|Any CPU
		{E4724425-FC2D-40AE-9506-553D5D9DD929}.Release|x86.Build.0 = Release|Any CPU
		{6008A59E-80A4-4790-8FE3-01DE201D71B3}.Debug|Any CPU.ActiveCfg = Debug|Any CPU
		{6008A59E-80A4-4790-8FE3-01DE201D71B3}.Debug|Any CPU.Build.0 = Debug|Any CPU
		{6008A59E-80A4-4790-8FE3-01DE201D71B3}.Debug|x64.ActiveCfg = Debug|Any CPU
		{6008A59E-80A4-4790-8FE3-01DE201D71B3}.Debug|x64.Build.0 = Debug|Any CPU
		{6008A59E-80A4-4790-8FE3-01DE201D71B3}.Debug|x86.ActiveCfg = Debug|Any CPU
		{6008A59E-80A4-4790-8FE3-01DE201D71B3}.Debug|x86.Build.0 = Debug|Any CPU
		{6008A59E-80A4-4790-8FE3-01DE201D71B3}.Release|Any CPU.ActiveCfg = Release|Any CPU
		{6008A59E-80A4-4790-8FE3-01DE201D71B3}.Release|Any CPU.Build.0 = Release|Any CPU
		{6008A59E-80A4-4790-8FE3-01DE201D71B3}.Release|x64.ActiveCfg = Release|Any CPU
		{6008A59E-80A4-4790-8FE3-01DE201D71B3}.Release|x64.Build.0 = Release|Any CPU
		{6008A59E-80A4-4790-8FE3-01DE201D71B3}.Release|x86.ActiveCfg = Release|Any CPU
		{6008A59E-80A4-4790-8FE3-01DE201D71B3}.Release|x86.Build.0 = Release|Any CPU
		{8806CD1D-AA64-4E9F-91C7-B579765549B0}.Debug|Any CPU.ActiveCfg = Debug|Any CPU
		{8806CD1D-AA64-4E9F-91C7-B579765549B0}.Debug|Any CPU.Build.0 = Debug|Any CPU
		{8806CD1D-AA64-4E9F-91C7-B579765549B0}.Debug|x64.ActiveCfg = Debug|Any CPU
		{8806CD1D-AA64-4E9F-91C7-B579765549B0}.Debug|x64.Build.0 = Debug|Any CPU
		{8806CD1D-AA64-4E9F-91C7-B579765549B0}.Debug|x86.ActiveCfg = Debug|Any CPU
		{8806CD1D-AA64-4E9F-91C7-B579765549B0}.Debug|x86.Build.0 = Debug|Any CPU
		{8806CD1D-AA64-4E9F-91C7-B579765549B0}.Release|Any CPU.ActiveCfg = Release|Any CPU
		{8806CD1D-AA64-4E9F-91C7-B579765549B0}.Release|Any CPU.Build.0 = Release|Any CPU
		{8806CD1D-AA64-4E9F-91C7-B579765549B0}.Release|x64.ActiveCfg = Release|Any CPU
		{8806CD1D-AA64-4E9F-91C7-B579765549B0}.Release|x64.Build.0 = Release|Any CPU
		{8806CD1D-AA64-4E9F-91C7-B579765549B0}.Release|x86.ActiveCfg = Release|Any CPU
		{8806CD1D-AA64-4E9F-91C7-B579765549B0}.Release|x86.Build.0 = Release|Any CPU
		{21B9B3FA-ACBF-4ED2-A0BB-2782E708F6F9}.Debug|Any CPU.ActiveCfg = Debug|Any CPU
		{21B9B3FA-ACBF-4ED2-A0BB-2782E708F6F9}.Debug|Any CPU.Build.0 = Debug|Any CPU
		{21B9B3FA-ACBF-4ED2-A0BB-2782E708F6F9}.Debug|x64.ActiveCfg = Debug|Any CPU
		{21B9B3FA-ACBF-4ED2-A0BB-2782E708F6F9}.Debug|x64.Build.0 = Debug|Any CPU
		{21B9B3FA-ACBF-4ED2-A0BB-2782E708F6F9}.Debug|x86.ActiveCfg = Debug|Any CPU
		{21B9B3FA-ACBF-4ED2-A0BB-2782E708F6F9}.Debug|x86.Build.0 = Debug|Any CPU
		{21B9B3FA-ACBF-4ED2-A0BB-2782E708F6F9}.Release|Any CPU.ActiveCfg = Release|Any CPU
		{21B9B3FA-ACBF-4ED2-A0BB-2782E708F6F9}.Release|Any CPU.Build.0 = Release|Any CPU
		{21B9B3FA-ACBF-4ED2-A0BB-2782E708F6F9}.Release|x64.ActiveCfg = Release|Any CPU
		{21B9B3FA-ACBF-4ED2-A0BB-2782E708F6F9}.Release|x64.Build.0 = Release|Any CPU
		{21B9B3FA-ACBF-4ED2-A0BB-2782E708F6F9}.Release|x86.ActiveCfg = Release|Any CPU
		{21B9B3FA-ACBF-4ED2-A0BB-2782E708F6F9}.Release|x86.Build.0 = Release|Any CPU
		{1D897A8A-1394-4561-B31C-D8312462500C}.Debug|Any CPU.ActiveCfg = Debug|Any CPU
		{1D897A8A-1394-4561-B31C-D8312462500C}.Debug|Any CPU.Build.0 = Debug|Any CPU
		{1D897A8A-1394-4561-B31C-D8312462500C}.Debug|x64.ActiveCfg = Debug|Any CPU
		{1D897A8A-1394-4561-B31C-D8312462500C}.Debug|x64.Build.0 = Debug|Any CPU
		{1D897A8A-1394-4561-B31C-D8312462500C}.Debug|x86.ActiveCfg = Debug|Any CPU
		{1D897A8A-1394-4561-B31C-D8312462500C}.Debug|x86.Build.0 = Debug|Any CPU
		{1D897A8A-1394-4561-B31C-D8312462500C}.Release|Any CPU.ActiveCfg = Release|Any CPU
		{1D897A8A-1394-4561-B31C-D8312462500C}.Release|Any CPU.Build.0 = Release|Any CPU
		{1D897A8A-1394-4561-B31C-D8312462500C}.Release|x64.ActiveCfg = Release|Any CPU
		{1D897A8A-1394-4561-B31C-D8312462500C}.Release|x64.Build.0 = Release|Any CPU
		{1D897A8A-1394-4561-B31C-D8312462500C}.Release|x86.ActiveCfg = Release|Any CPU
		{1D897A8A-1394-4561-B31C-D8312462500C}.Release|x86.Build.0 = Release|Any CPU
		{E05B7224-D965-422C-9B12-E6DEE1BFAC64}.Debug|Any CPU.ActiveCfg = Debug|Any CPU
		{E05B7224-D965-422C-9B12-E6DEE1BFAC64}.Debug|Any CPU.Build.0 = Debug|Any CPU
		{E05B7224-D965-422C-9B12-E6DEE1BFAC64}.Debug|x64.ActiveCfg = Debug|Any CPU
		{E05B7224-D965-422C-9B12-E6DEE1BFAC64}.Debug|x64.Build.0 = Debug|Any CPU
		{E05B7224-D965-422C-9B12-E6DEE1BFAC64}.Debug|x86.ActiveCfg = Debug|Any CPU
		{E05B7224-D965-422C-9B12-E6DEE1BFAC64}.Debug|x86.Build.0 = Debug|Any CPU
		{E05B7224-D965-422C-9B12-E6DEE1BFAC64}.Release|Any CPU.ActiveCfg = Release|Any CPU
		{E05B7224-D965-422C-9B12-E6DEE1BFAC64}.Release|Any CPU.Build.0 = Release|Any CPU
		{E05B7224-D965-422C-9B12-E6DEE1BFAC64}.Release|x64.ActiveCfg = Release|Any CPU
		{E05B7224-D965-422C-9B12-E6DEE1BFAC64}.Release|x64.Build.0 = Release|Any CPU
		{E05B7224-D965-422C-9B12-E6DEE1BFAC64}.Release|x86.ActiveCfg = Release|Any CPU
		{E05B7224-D965-422C-9B12-E6DEE1BFAC64}.Release|x86.Build.0 = Release|Any CPU
		{6EACC51E-1E46-4C6F-9516-B71F09AD00D1}.Debug|Any CPU.ActiveCfg = Debug|Any CPU
		{6EACC51E-1E46-4C6F-9516-B71F09AD00D1}.Debug|Any CPU.Build.0 = Debug|Any CPU
		{6EACC51E-1E46-4C6F-9516-B71F09AD00D1}.Debug|x64.ActiveCfg = Debug|Any CPU
		{6EACC51E-1E46-4C6F-9516-B71F09AD00D1}.Debug|x64.Build.0 = Debug|Any CPU
		{6EACC51E-1E46-4C6F-9516-B71F09AD00D1}.Debug|x86.ActiveCfg = Debug|Any CPU
		{6EACC51E-1E46-4C6F-9516-B71F09AD00D1}.Debug|x86.Build.0 = Debug|Any CPU
		{6EACC51E-1E46-4C6F-9516-B71F09AD00D1}.Release|Any CPU.ActiveCfg = Release|Any CPU
		{6EACC51E-1E46-4C6F-9516-B71F09AD00D1}.Release|Any CPU.Build.0 = Release|Any CPU
		{6EACC51E-1E46-4C6F-9516-B71F09AD00D1}.Release|x64.ActiveCfg = Release|Any CPU
		{6EACC51E-1E46-4C6F-9516-B71F09AD00D1}.Release|x64.Build.0 = Release|Any CPU
		{6EACC51E-1E46-4C6F-9516-B71F09AD00D1}.Release|x86.ActiveCfg = Release|Any CPU
		{6EACC51E-1E46-4C6F-9516-B71F09AD00D1}.Release|x86.Build.0 = Release|Any CPU
		{44D50BF5-4C12-4328-B983-0045C157D932}.Debug|Any CPU.ActiveCfg = Debug|Any CPU
		{44D50BF5-4C12-4328-B983-0045C157D932}.Debug|Any CPU.Build.0 = Debug|Any CPU
		{44D50BF5-4C12-4328-B983-0045C157D932}.Debug|x64.ActiveCfg = Debug|Any CPU
		{44D50BF5-4C12-4328-B983-0045C157D932}.Debug|x64.Build.0 = Debug|Any CPU
		{44D50BF5-4C12-4328-B983-0045C157D932}.Debug|x86.ActiveCfg = Debug|Any CPU
		{44D50BF5-4C12-4328-B983-0045C157D932}.Debug|x86.Build.0 = Debug|Any CPU
		{44D50BF5-4C12-4328-B983-0045C157D932}.Release|Any CPU.ActiveCfg = Release|Any CPU
		{44D50BF5-4C12-4328-B983-0045C157D932}.Release|Any CPU.Build.0 = Release|Any CPU
		{44D50BF5-4C12-4328-B983-0045C157D932}.Release|x64.ActiveCfg = Release|Any CPU
		{44D50BF5-4C12-4328-B983-0045C157D932}.Release|x64.Build.0 = Release|Any CPU
		{44D50BF5-4C12-4328-B983-0045C157D932}.Release|x86.ActiveCfg = Release|Any CPU
		{44D50BF5-4C12-4328-B983-0045C157D932}.Release|x86.Build.0 = Release|Any CPU
		{2C98A07C-F4CD-486C-BBAB-EB6B6CDE1A35}.Debug|Any CPU.ActiveCfg = Debug|Any CPU
		{2C98A07C-F4CD-486C-BBAB-EB6B6CDE1A35}.Debug|Any CPU.Build.0 = Debug|Any CPU
		{2C98A07C-F4CD-486C-BBAB-EB6B6CDE1A35}.Debug|x64.ActiveCfg = Debug|Any CPU
		{2C98A07C-F4CD-486C-BBAB-EB6B6CDE1A35}.Debug|x64.Build.0 = Debug|Any CPU
		{2C98A07C-F4CD-486C-BBAB-EB6B6CDE1A35}.Debug|x86.ActiveCfg = Debug|Any CPU
		{2C98A07C-F4CD-486C-BBAB-EB6B6CDE1A35}.Debug|x86.Build.0 = Debug|Any CPU
		{2C98A07C-F4CD-486C-BBAB-EB6B6CDE1A35}.Release|Any CPU.ActiveCfg = Release|Any CPU
		{2C98A07C-F4CD-486C-BBAB-EB6B6CDE1A35}.Release|Any CPU.Build.0 = Release|Any CPU
		{2C98A07C-F4CD-486C-BBAB-EB6B6CDE1A35}.Release|x64.ActiveCfg = Release|Any CPU
		{2C98A07C-F4CD-486C-BBAB-EB6B6CDE1A35}.Release|x64.Build.0 = Release|Any CPU
		{2C98A07C-F4CD-486C-BBAB-EB6B6CDE1A35}.Release|x86.ActiveCfg = Release|Any CPU
		{2C98A07C-F4CD-486C-BBAB-EB6B6CDE1A35}.Release|x86.Build.0 = Release|Any CPU
		{6CA1FF03-8102-41D5-9D57-CC2DA346D684}.Debug|Any CPU.ActiveCfg = Debug|Any CPU
		{6CA1FF03-8102-41D5-9D57-CC2DA346D684}.Debug|Any CPU.Build.0 = Debug|Any CPU
		{6CA1FF03-8102-41D5-9D57-CC2DA346D684}.Debug|x64.ActiveCfg = Debug|Any CPU
		{6CA1FF03-8102-41D5-9D57-CC2DA346D684}.Debug|x64.Build.0 = Debug|Any CPU
		{6CA1FF03-8102-41D5-9D57-CC2DA346D684}.Debug|x86.ActiveCfg = Debug|Any CPU
		{6CA1FF03-8102-41D5-9D57-CC2DA346D684}.Debug|x86.Build.0 = Debug|Any CPU
		{6CA1FF03-8102-41D5-9D57-CC2DA346D684}.Release|Any CPU.ActiveCfg = Release|Any CPU
		{6CA1FF03-8102-41D5-9D57-CC2DA346D684}.Release|Any CPU.Build.0 = Release|Any CPU
		{6CA1FF03-8102-41D5-9D57-CC2DA346D684}.Release|x64.ActiveCfg = Release|Any CPU
		{6CA1FF03-8102-41D5-9D57-CC2DA346D684}.Release|x64.Build.0 = Release|Any CPU
		{6CA1FF03-8102-41D5-9D57-CC2DA346D684}.Release|x86.ActiveCfg = Release|Any CPU
		{6CA1FF03-8102-41D5-9D57-CC2DA346D684}.Release|x86.Build.0 = Release|Any CPU
	EndGlobalSection
	GlobalSection(SolutionProperties) = preSolution
		HideSolutionNode = FALSE
	EndGlobalSection
	GlobalSection(ExtensibilityGlobals) = postSolution
		SolutionGuid = {A35FB84A-D206-4916-ACEE-A747AE767E76}
	EndGlobalSection
EndGlobal
